
Microsoft Visual Studio Solution File, Format Version 12.00
# Visual Studio Version 17
VisualStudioVersion = 17.12.35527.113
MinimumVisualStudioVersion = 10.0.40219.1
Project("{FAE04EC0-301F-11D3-BF4B-00C04F79EFBC}") = "RPM-ISP24", "RPM-ISP24\RPM-ISP24.csproj", "{F015C6A5-9285-4FD7-9F46-7D69DF109217}"
EndProject
Project("{FAE04EC0-301F-11D3-BF4B-00C04F79EFBC}") = "Lesson2", "Lesson2\Lesson2.csproj", "{C3D96971-2D89-47C4-BCBC-81A2D4099CA3}"
EndProject
Project("{FAE04EC0-301F-11D3-BF4B-00C04F79EFBC}") = "Lesson3", "Lesson3\Lesson3.csproj", "{4A107220-F9D5-4C43-866E-6FA736BA6461}"
EndProject
Project("{FAE04EC0-301F-11D3-BF4B-00C04F79EFBC}") = "Lesson4", "Lesson4\Lesson4.csproj", "{E7BBD694-0346-45DC-BDD7-92170B998839}"
EndProject
Project("{FAE04EC0-301F-11D3-BF4B-00C04F79EFBC}") = "Lab3", "Lab3\Lab3.csproj", "{EEB953D0-C262-4DA5-8D4B-C0C41782E94A}"
EndProject
Project("{FAE04EC0-301F-11D3-BF4B-00C04F79EFBC}") = "Lesson5", "Lesson5\Lesson5.csproj", "{B8C378C5-46A5-4ECA-93D3-E6283BF392DC}"
EndProject
Project("{FAE04EC0-301F-11D3-BF4B-00C04F79EFBC}") = "Lesson6", "Lesson6\Lesson6.csproj", "{B9B71517-F94C-4052-906D-904D51D83BCA}"
EndProject
Project("{FAE04EC0-301F-11D3-BF4B-00C04F79EFBC}") = "Lesson7", "Lesson7\Lesson7.csproj", "{3B872768-2DD6-4A85-A7AA-57E0C2AF75F0}"
EndProject
Project("{FAE04EC0-301F-11D3-BF4B-00C04F79EFBC}") = "Lesson8", "Lesson8\Lesson8.csproj", "{31FEFAFE-6B97-467F-954F-A49146C75E1C}"
EndProject
Project("{FAE04EC0-301F-11D3-BF4B-00C04F79EFBC}") = "Lab4", "Lab4\Lab4.csproj", "{7DB6A210-DD28-476E-9134-89BF493CA770}"
EndProject
Project("{FAE04EC0-301F-11D3-BF4B-00C04F79EFBC}") = "Lesson9", "Lesson9\Lesson9.csproj", "{C32B949D-8011-47DB-A0F6-FB6D1936834F}"
EndProject
Project("{FAE04EC0-301F-11D3-BF4B-00C04F79EFBC}") = "Lesson10", "Lesson10\Lesson10.csproj", "{C7A9231D-7639-4E2C-897D-EFB73C884738}"
EndProject
Project("{FAE04EC0-301F-11D3-BF4B-00C04F79EFBC}") = "Lesson11", "Lesson11\Lesson11.csproj", "{8AEEA482-46EB-452F-A552-C0D5206CC234}"
EndProject
Project("{FAE04EC0-301F-11D3-BF4B-00C04F79EFBC}") = "Lab7", "Lab6\Lab7.csproj", "{0EBF8081-437B-4F80-A95A-3F8BDE84DA74}"
EndProject
Project("{FAE04EC0-301F-11D3-BF4B-00C04F79EFBC}") = "Lesson12", "Lesson12\Lesson12.csproj", "{0FED23E3-BF11-4F43-B9D9-A36B16B5C49D}"
EndProject
Project("{FAE04EC0-301F-11D3-BF4B-00C04F79EFBC}") = "Lab8", "Lab9\Lab8.csproj", "{34FE6646-0D92-4A29-A687-E3E150C941A2}"
EndProject
Project("{FAE04EC0-301F-11D3-BF4B-00C04F79EFBC}") = "Lesson13", "Lesson13\Lesson13.csproj", "{53B10C63-5AB5-416D-AFD9-9ADBC1623E73}"
EndProject
Project("{FAE04EC0-301F-11D3-BF4B-00C04F79EFBC}") = "Lesson14", "Lesson14\Lesson14.csproj", "{E8C6C1EF-80D2-4BBD-86BC-81694A91C3EF}"
EndProject
Project("{FAE04EC0-301F-11D3-BF4B-00C04F79EFBC}") = "Network1", "Network1\Network1.csproj", "{43876DFD-998F-4943-A794-9C5B0FC6DF4F}"
EndProject
Project("{FAE04EC0-301F-11D3-BF4B-00C04F79EFBC}") = "Lesson15", "Lesson15\Lesson15.csproj", "{0F8C22C0-1320-463F-AB73-CB35F9F37A33}"
EndProject
Project("{FAE04EC0-301F-11D3-BF4B-00C04F79EFBC}") = "Lesson16(OS)", "Lesson16(OS)\Lesson16(OS).csproj", "{88E797ED-CCBD-4F8F-B183-B80B8871FCBB}"
EndProject
Project("{FAE04EC0-301F-11D3-BF4B-00C04F79EFBC}") = "Lesson17", "Lesson17\Lesson17.csproj", "{C7C30E78-3A88-4BA3-A5B4-2AD247B6419F}"
EndProject
Project("{FAE04EC0-301F-11D3-BF4B-00C04F79EFBC}") = "Lesson18", "Lesson18\Lesson18.csproj", "{9F07EF2C-B451-4BD4-AB29-824CBB44581B}"
EndProject
Project("{FAE04EC0-301F-11D3-BF4B-00C04F79EFBC}") = "Lesson19(NET)", "Lesson19(NET)\Lesson19(NET).csproj", "{53FD43E3-B207-4B9E-98E8-F1051B2281D0}"
EndProject
Project("{FAE04EC0-301F-11D3-BF4B-00C04F79EFBC}") = "Lesson20(OS)", "Lesson20\Lesson20(OS).csproj", "{3A24FECD-E939-414C-A824-5806DD081E08}"
EndProject
Project("{FAE04EC0-301F-11D3-BF4B-00C04F79EFBC}") = "Lesson21(OS)", "Lesson21(OS)\Lesson21(OS).csproj", "{B267D695-5637-46E5-89FE-E6BF3813B9B0}"
EndProject
Project("{FAE04EC0-301F-11D3-BF4B-00C04F79EFBC}") = "Lesson22", "Lesson22\Lesson22.csproj", "{74C72B4B-3877-4A59-98BD-10E9D9D89CD4}"
EndProject
Project("{FAE04EC0-301F-11D3-BF4B-00C04F79EFBC}") = "Lesson23", "Lesson23\Lesson23.csproj", "{07E18FE9-D941-4C05-A999-19C19AE43800}"
EndProject
Project("{FAE04EC0-301F-11D3-BF4B-00C04F79EFBC}") = "Lesson24", "Lesson24\Lesson24.csproj", "{C7A0B41D-ACD9-41C2-BD9D-CBD2587334B1}"
EndProject
Project("{FAE04EC0-301F-11D3-BF4B-00C04F79EFBC}") = "Lesson25(NS Server)", "Lesson25(NS Server)\Lesson25(NS Server).csproj", "{6105131F-A986-495B-B380-5A07E1CC31D3}"
EndProject
Project("{FAE04EC0-301F-11D3-BF4B-00C04F79EFBC}") = "Lesson25(NS Client)", "Lesson25(NS Client)\Lesson25(NS Client).csproj", "{1F2D00CB-303F-4724-BC27-05F0EC978647}"
EndProject
Project("{FAE04EC0-301F-11D3-BF4B-00C04F79EFBC}") = "Lesson26(OS)", "Lesson26(OS)\Lesson26(OS).csproj", "{018F719E-055E-4220-9CA0-C4B2D62F7584}"
EndProject
Global
	GlobalSection(SolutionConfigurationPlatforms) = preSolution
		Debug|Any CPU = Debug|Any CPU
		Release|Any CPU = Release|Any CPU
	EndGlobalSection
	GlobalSection(ProjectConfigurationPlatforms) = postSolution
		{F015C6A5-9285-4FD7-9F46-7D69DF109217}.Debug|Any CPU.ActiveCfg = Debug|Any CPU
		{F015C6A5-9285-4FD7-9F46-7D69DF109217}.Debug|Any CPU.Build.0 = Debug|Any CPU
		{F015C6A5-9285-4FD7-9F46-7D69DF109217}.Release|Any CPU.ActiveCfg = Release|Any CPU
		{F015C6A5-9285-4FD7-9F46-7D69DF109217}.Release|Any CPU.Build.0 = Release|Any CPU
		{C3D96971-2D89-47C4-BCBC-81A2D4099CA3}.Debug|Any CPU.ActiveCfg = Debug|Any CPU
		{C3D96971-2D89-47C4-BCBC-81A2D4099CA3}.Debug|Any CPU.Build.0 = Debug|Any CPU
		{C3D96971-2D89-47C4-BCBC-81A2D4099CA3}.Release|Any CPU.ActiveCfg = Release|Any CPU
		{C3D96971-2D89-47C4-BCBC-81A2D4099CA3}.Release|Any CPU.Build.0 = Release|Any CPU
		{4A107220-F9D5-4C43-866E-6FA736BA6461}.Debug|Any CPU.ActiveCfg = Debug|Any CPU
		{4A107220-F9D5-4C43-866E-6FA736BA6461}.Debug|Any CPU.Build.0 = Debug|Any CPU
		{4A107220-F9D5-4C43-866E-6FA736BA6461}.Release|Any CPU.ActiveCfg = Release|Any CPU
		{4A107220-F9D5-4C43-866E-6FA736BA6461}.Release|Any CPU.Build.0 = Release|Any CPU
		{E7BBD694-0346-45DC-BDD7-92170B998839}.Debug|Any CPU.ActiveCfg = Debug|Any CPU
		{E7BBD694-0346-45DC-BDD7-92170B998839}.Debug|Any CPU.Build.0 = Debug|Any CPU
		{E7BBD694-0346-45DC-BDD7-92170B998839}.Release|Any CPU.ActiveCfg = Release|Any CPU
		{E7BBD694-0346-45DC-BDD7-92170B998839}.Release|Any CPU.Build.0 = Release|Any CPU
		{EEB953D0-C262-4DA5-8D4B-C0C41782E94A}.Debug|Any CPU.ActiveCfg = Debug|Any CPU
		{EEB953D0-C262-4DA5-8D4B-C0C41782E94A}.Debug|Any CPU.Build.0 = Debug|Any CPU
		{EEB953D0-C262-4DA5-8D4B-C0C41782E94A}.Release|Any CPU.ActiveCfg = Release|Any CPU
		{EEB953D0-C262-4DA5-8D4B-C0C41782E94A}.Release|Any CPU.Build.0 = Release|Any CPU
		{B8C378C5-46A5-4ECA-93D3-E6283BF392DC}.Debug|Any CPU.ActiveCfg = Debug|Any CPU
		{B8C378C5-46A5-4ECA-93D3-E6283BF392DC}.Debug|Any CPU.Build.0 = Debug|Any CPU
		{B8C378C5-46A5-4ECA-93D3-E6283BF392DC}.Release|Any CPU.ActiveCfg = Release|Any CPU
		{B8C378C5-46A5-4ECA-93D3-E6283BF392DC}.Release|Any CPU.Build.0 = Release|Any CPU
		{B9B71517-F94C-4052-906D-904D51D83BCA}.Debug|Any CPU.ActiveCfg = Debug|Any CPU
		{B9B71517-F94C-4052-906D-904D51D83BCA}.Debug|Any CPU.Build.0 = Debug|Any CPU
		{B9B71517-F94C-4052-906D-904D51D83BCA}.Release|Any CPU.ActiveCfg = Release|Any CPU
		{B9B71517-F94C-4052-906D-904D51D83BCA}.Release|Any CPU.Build.0 = Release|Any CPU
		{3B872768-2DD6-4A85-A7AA-57E0C2AF75F0}.Debug|Any CPU.ActiveCfg = Debug|Any CPU
		{3B872768-2DD6-4A85-A7AA-57E0C2AF75F0}.Debug|Any CPU.Build.0 = Debug|Any CPU
		{3B872768-2DD6-4A85-A7AA-57E0C2AF75F0}.Release|Any CPU.ActiveCfg = Release|Any CPU
		{3B872768-2DD6-4A85-A7AA-57E0C2AF75F0}.Release|Any CPU.Build.0 = Release|Any CPU
		{31FEFAFE-6B97-467F-954F-A49146C75E1C}.Debug|Any CPU.ActiveCfg = Debug|Any CPU
		{31FEFAFE-6B97-467F-954F-A49146C75E1C}.Debug|Any CPU.Build.0 = Debug|Any CPU
		{31FEFAFE-6B97-467F-954F-A49146C75E1C}.Release|Any CPU.ActiveCfg = Release|Any CPU
		{31FEFAFE-6B97-467F-954F-A49146C75E1C}.Release|Any CPU.Build.0 = Release|Any CPU
		{7DB6A210-DD28-476E-9134-89BF493CA770}.Debug|Any CPU.ActiveCfg = Debug|Any CPU
		{7DB6A210-DD28-476E-9134-89BF493CA770}.Debug|Any CPU.Build.0 = Debug|Any CPU
		{7DB6A210-DD28-476E-9134-89BF493CA770}.Release|Any CPU.ActiveCfg = Release|Any CPU
		{7DB6A210-DD28-476E-9134-89BF493CA770}.Release|Any CPU.Build.0 = Release|Any CPU
		{C32B949D-8011-47DB-A0F6-FB6D1936834F}.Debug|Any CPU.ActiveCfg = Debug|Any CPU
		{C32B949D-8011-47DB-A0F6-FB6D1936834F}.Debug|Any CPU.Build.0 = Debug|Any CPU
		{C32B949D-8011-47DB-A0F6-FB6D1936834F}.Release|Any CPU.ActiveCfg = Release|Any CPU
		{C32B949D-8011-47DB-A0F6-FB6D1936834F}.Release|Any CPU.Build.0 = Release|Any CPU
		{C7A9231D-7639-4E2C-897D-EFB73C884738}.Debug|Any CPU.ActiveCfg = Debug|Any CPU
		{C7A9231D-7639-4E2C-897D-EFB73C884738}.Debug|Any CPU.Build.0 = Debug|Any CPU
		{C7A9231D-7639-4E2C-897D-EFB73C884738}.Release|Any CPU.ActiveCfg = Release|Any CPU
		{C7A9231D-7639-4E2C-897D-EFB73C884738}.Release|Any CPU.Build.0 = Release|Any CPU
		{8AEEA482-46EB-452F-A552-C0D5206CC234}.Debug|Any CPU.ActiveCfg = Debug|Any CPU
		{8AEEA482-46EB-452F-A552-C0D5206CC234}.Debug|Any CPU.Build.0 = Debug|Any CPU
		{8AEEA482-46EB-452F-A552-C0D5206CC234}.Release|Any CPU.ActiveCfg = Release|Any CPU
		{8AEEA482-46EB-452F-A552-C0D5206CC234}.Release|Any CPU.Build.0 = Release|Any CPU
		{0EBF8081-437B-4F80-A95A-3F8BDE84DA74}.Debug|Any CPU.ActiveCfg = Debug|Any CPU
		{0EBF8081-437B-4F80-A95A-3F8BDE84DA74}.Debug|Any CPU.Build.0 = Debug|Any CPU
		{0EBF8081-437B-4F80-A95A-3F8BDE84DA74}.Release|Any CPU.ActiveCfg = Release|Any CPU
		{0EBF8081-437B-4F80-A95A-3F8BDE84DA74}.Release|Any CPU.Build.0 = Release|Any CPU
		{0FED23E3-BF11-4F43-B9D9-A36B16B5C49D}.Debug|Any CPU.ActiveCfg = Debug|Any CPU
		{0FED23E3-BF11-4F43-B9D9-A36B16B5C49D}.Debug|Any CPU.Build.0 = Debug|Any CPU
		{0FED23E3-BF11-4F43-B9D9-A36B16B5C49D}.Release|Any CPU.ActiveCfg = Release|Any CPU
		{0FED23E3-BF11-4F43-B9D9-A36B16B5C49D}.Release|Any CPU.Build.0 = Release|Any CPU
		{34FE6646-0D92-4A29-A687-E3E150C941A2}.Debug|Any CPU.ActiveCfg = Debug|Any CPU
		{34FE6646-0D92-4A29-A687-E3E150C941A2}.Debug|Any CPU.Build.0 = Debug|Any CPU
		{34FE6646-0D92-4A29-A687-E3E150C941A2}.Release|Any CPU.ActiveCfg = Release|Any CPU
		{34FE6646-0D92-4A29-A687-E3E150C941A2}.Release|Any CPU.Build.0 = Release|Any CPU
		{53B10C63-5AB5-416D-AFD9-9ADBC1623E73}.Debug|Any CPU.ActiveCfg = Debug|Any CPU
		{53B10C63-5AB5-416D-AFD9-9ADBC1623E73}.Debug|Any CPU.Build.0 = Debug|Any CPU
		{53B10C63-5AB5-416D-AFD9-9ADBC1623E73}.Release|Any CPU.ActiveCfg = Release|Any CPU
		{53B10C63-5AB5-416D-AFD9-9ADBC1623E73}.Release|Any CPU.Build.0 = Release|Any CPU
		{E8C6C1EF-80D2-4BBD-86BC-81694A91C3EF}.Debug|Any CPU.ActiveCfg = Debug|Any CPU
		{E8C6C1EF-80D2-4BBD-86BC-81694A91C3EF}.Debug|Any CPU.Build.0 = Debug|Any CPU
		{E8C6C1EF-80D2-4BBD-86BC-81694A91C3EF}.Release|Any CPU.ActiveCfg = Release|Any CPU
		{E8C6C1EF-80D2-4BBD-86BC-81694A91C3EF}.Release|Any CPU.Build.0 = Release|Any CPU
		{43876DFD-998F-4943-A794-9C5B0FC6DF4F}.Debug|Any CPU.ActiveCfg = Debug|Any CPU
		{43876DFD-998F-4943-A794-9C5B0FC6DF4F}.Debug|Any CPU.Build.0 = Debug|Any CPU
		{43876DFD-998F-4943-A794-9C5B0FC6DF4F}.Release|Any CPU.ActiveCfg = Release|Any CPU
		{43876DFD-998F-4943-A794-9C5B0FC6DF4F}.Release|Any CPU.Build.0 = Release|Any CPU
		{0F8C22C0-1320-463F-AB73-CB35F9F37A33}.Debug|Any CPU.ActiveCfg = Debug|Any CPU
		{0F8C22C0-1320-463F-AB73-CB35F9F37A33}.Debug|Any CPU.Build.0 = Debug|Any CPU
		{0F8C22C0-1320-463F-AB73-CB35F9F37A33}.Release|Any CPU.ActiveCfg = Release|Any CPU
		{0F8C22C0-1320-463F-AB73-CB35F9F37A33}.Release|Any CPU.Build.0 = Release|Any CPU
		{88E797ED-CCBD-4F8F-B183-B80B8871FCBB}.Debug|Any CPU.ActiveCfg = Debug|Any CPU
		{88E797ED-CCBD-4F8F-B183-B80B8871FCBB}.Debug|Any CPU.Build.0 = Debug|Any CPU
		{88E797ED-CCBD-4F8F-B183-B80B8871FCBB}.Release|Any CPU.ActiveCfg = Release|Any CPU
		{88E797ED-CCBD-4F8F-B183-B80B8871FCBB}.Release|Any CPU.Build.0 = Release|Any CPU
		{C7C30E78-3A88-4BA3-A5B4-2AD247B6419F}.Debug|Any CPU.ActiveCfg = Debug|Any CPU
		{C7C30E78-3A88-4BA3-A5B4-2AD247B6419F}.Debug|Any CPU.Build.0 = Debug|Any CPU
		{C7C30E78-3A88-4BA3-A5B4-2AD247B6419F}.Release|Any CPU.ActiveCfg = Release|Any CPU
		{C7C30E78-3A88-4BA3-A5B4-2AD247B6419F}.Release|Any CPU.Build.0 = Release|Any CPU
		{9F07EF2C-B451-4BD4-AB29-824CBB44581B}.Debug|Any CPU.ActiveCfg = Debug|Any CPU
		{9F07EF2C-B451-4BD4-AB29-824CBB44581B}.Debug|Any CPU.Build.0 = Debug|Any CPU
		{9F07EF2C-B451-4BD4-AB29-824CBB44581B}.Release|Any CPU.ActiveCfg = Release|Any CPU
		{9F07EF2C-B451-4BD4-AB29-824CBB44581B}.Release|Any CPU.Build.0 = Release|Any CPU
		{53FD43E3-B207-4B9E-98E8-F1051B2281D0}.Debug|Any CPU.ActiveCfg = Debug|Any CPU
		{53FD43E3-B207-4B9E-98E8-F1051B2281D0}.Debug|Any CPU.Build.0 = Debug|Any CPU
		{53FD43E3-B207-4B9E-98E8-F1051B2281D0}.Release|Any CPU.ActiveCfg = Release|Any CPU
		{53FD43E3-B207-4B9E-98E8-F1051B2281D0}.Release|Any CPU.Build.0 = Release|Any CPU
		{3A24FECD-E939-414C-A824-5806DD081E08}.Debug|Any CPU.ActiveCfg = Debug|Any CPU
		{3A24FECD-E939-414C-A824-5806DD081E08}.Debug|Any CPU.Build.0 = Debug|Any CPU
		{3A24FECD-E939-414C-A824-5806DD081E08}.Release|Any CPU.ActiveCfg = Release|Any CPU
		{3A24FECD-E939-414C-A824-5806DD081E08}.Release|Any CPU.Build.0 = Release|Any CPU
		{B267D695-5637-46E5-89FE-E6BF3813B9B0}.Debug|Any CPU.ActiveCfg = Debug|Any CPU
		{B267D695-5637-46E5-89FE-E6BF3813B9B0}.Debug|Any CPU.Build.0 = Debug|Any CPU
		{B267D695-5637-46E5-89FE-E6BF3813B9B0}.Release|Any CPU.ActiveCfg = Release|Any CPU
		{B267D695-5637-46E5-89FE-E6BF3813B9B0}.Release|Any CPU.Build.0 = Release|Any CPU
		{74C72B4B-3877-4A59-98BD-10E9D9D89CD4}.Debug|Any CPU.ActiveCfg = Debug|Any CPU
		{74C72B4B-3877-4A59-98BD-10E9D9D89CD4}.Debug|Any CPU.Build.0 = Debug|Any CPU
		{74C72B4B-3877-4A59-98BD-10E9D9D89CD4}.Release|Any CPU.ActiveCfg = Release|Any CPU
		{74C72B4B-3877-4A59-98BD-10E9D9D89CD4}.Release|Any CPU.Build.0 = Release|Any CPU
		{07E18FE9-D941-4C05-A999-19C19AE43800}.Debug|Any CPU.ActiveCfg = Debug|Any CPU
		{07E18FE9-D941-4C05-A999-19C19AE43800}.Debug|Any CPU.Build.0 = Debug|Any CPU
		{07E18FE9-D941-4C05-A999-19C19AE43800}.Release|Any CPU.ActiveCfg = Release|Any CPU
		{07E18FE9-D941-4C05-A999-19C19AE43800}.Release|Any CPU.Build.0 = Release|Any CPU
		{C7A0B41D-ACD9-41C2-BD9D-CBD2587334B1}.Debug|Any CPU.ActiveCfg = Debug|Any CPU
		{C7A0B41D-ACD9-41C2-BD9D-CBD2587334B1}.Debug|Any CPU.Build.0 = Debug|Any CPU
		{C7A0B41D-ACD9-41C2-BD9D-CBD2587334B1}.Release|Any CPU.ActiveCfg = Release|Any CPU
		{C7A0B41D-ACD9-41C2-BD9D-CBD2587334B1}.Release|Any CPU.Build.0 = Release|Any CPU
		{6105131F-A986-495B-B380-5A07E1CC31D3}.Debug|Any CPU.ActiveCfg = Debug|Any CPU
		{6105131F-A986-495B-B380-5A07E1CC31D3}.Debug|Any CPU.Build.0 = Debug|Any CPU
		{6105131F-A986-495B-B380-5A07E1CC31D3}.Release|Any CPU.ActiveCfg = Release|Any CPU
		{6105131F-A986-495B-B380-5A07E1CC31D3}.Release|Any CPU.Build.0 = Release|Any CPU
		{1F2D00CB-303F-4724-BC27-05F0EC978647}.Debug|Any CPU.ActiveCfg = Debug|Any CPU
		{1F2D00CB-303F-4724-BC27-05F0EC978647}.Debug|Any CPU.Build.0 = Debug|Any CPU
		{1F2D00CB-303F-4724-BC27-05F0EC978647}.Release|Any CPU.ActiveCfg = Release|Any CPU
		{1F2D00CB-303F-4724-BC27-05F0EC978647}.Release|Any CPU.Build.0 = Release|Any CPU
		{018F719E-055E-4220-9CA0-C4B2D62F7584}.Debug|Any CPU.ActiveCfg = Debug|Any CPU
		{018F719E-055E-4220-9CA0-C4B2D62F7584}.Debug|Any CPU.Build.0 = Debug|Any CPU
		{018F719E-055E-4220-9CA0-C4B2D62F7584}.Release|Any CPU.ActiveCfg = Release|Any CPU
		{018F719E-055E-4220-9CA0-C4B2D62F7584}.Release|Any CPU.Build.0 = Release|Any CPU
	EndGlobalSection
	GlobalSection(SolutionProperties) = preSolution
		HideSolutionNode = FALSE
	EndGlobalSection
	GlobalSection(ExtensibilityGlobals) = postSolution
		SolutionGuid = {6D522255-B8A3-463F-8BC1-36DDA7F79FC1}
	EndGlobalSection
EndGlobal
