
Microsoft Visual Studio Solution File, Format Version 12.00
# Visual Studio Version 17
VisualStudioVersion = 17.12.35527.113 d17.12
MinimumVisualStudioVersion = 10.0.40219.1
Project("{FAE04EC0-301F-11D3-BF4B-00C04F79EFBC}") = "RPM-ISP24", "RPM-ISP24\RPM-ISP24.csproj", "{F015C6A5-9285-4FD7-9F46-7D69DF109217}"
EndProject
Global
	GlobalSection(SolutionConfigurationPlatforms) = preSolution
		Debug|Any CPU = Debug|Any CPU
		Release|Any CPU = Release|Any CPU
	EndGlobalSection
	GlobalSection(ProjectConfigurationPlatforms) = postSolution
		{F015C6A5-9285-4FD7-9F46-7D69DF109217}.Debug|Any CPU.ActiveCfg = Debug|Any CPU
		{F015C6A5-9285-4FD7-9F46-7D69DF109217}.Debug|Any CPU.Build.0 = Debug|Any CPU
		{F015C6A5-9285-4FD7-9F46-7D69DF109217}.Release|Any CPU.ActiveCfg = Release|Any CPU
		{F015C6A5-9285-4FD7-9F46-7D69DF109217}.Release|Any CPU.Build.0 = Release|Any CPU
	EndGlobalSection
	GlobalSection(SolutionProperties) = preSolution
		HideSolutionNode = FALSE
	EndGlobalSection
EndGlobal
